
Microsoft Visual Studio Solution File, Format Version 12.00
# Visual Studio 2012
Project("{FAE04EC0-301F-11D3-BF4B-00C04F79EFBC}") = "Common", "Common\Common.csproj", "{1AADBF65-1038-4D1E-9DB2-14AF9F090AF6}"
EndProject
Project("{2150E333-8FDC-42A3-9474-1A3956D46DE8}") = "Solution Items", "Solution Items", "{0329AE3D-DA9E-4E95-9FBE-27EB8F94E687}"
	ProjectSection(SolutionItems) = preProject
		CommonAssembly.cs = CommonAssembly.cs
		License.md = License.md
		Readme.md = Readme.md
	EndProjectSection
EndProject
Project("{FAE04EC0-301F-11D3-BF4B-00C04F79EFBC}") = "Client", "Client\Client.csproj", "{67CF1710-C4D8-45CB-BE4C-936A24E53222}"
EndProject
Project("{FAE04EC0-301F-11D3-BF4B-00C04F79EFBC}") = "Server", "Server\Server.csproj", "{367128AA-5B31-40E1-8D67-0DA4CFEEFED8}"
EndProject
Project("{FAE04EC0-301F-11D3-BF4B-00C04F79EFBC}") = "Server_Console", "Server_Console\Server_Console.csproj", "{C15BC66E-3A43-429E-9A81-F13EA80BFA57}"
EndProject
Global
	GlobalSection(SolutionConfigurationPlatforms) = preSolution
		Debug|Any CPU = Debug|Any CPU
		Release|Any CPU = Release|Any CPU
	EndGlobalSection
	GlobalSection(ProjectConfigurationPlatforms) = postSolution
		{1AADBF65-1038-4D1E-9DB2-14AF9F090AF6}.Debug|Any CPU.ActiveCfg = Debug|Any CPU
		{1AADBF65-1038-4D1E-9DB2-14AF9F090AF6}.Debug|Any CPU.Build.0 = Debug|Any CPU
		{1AADBF65-1038-4D1E-9DB2-14AF9F090AF6}.Release|Any CPU.ActiveCfg = Release|Any CPU
		{1AADBF65-1038-4D1E-9DB2-14AF9F090AF6}.Release|Any CPU.Build.0 = Release|Any CPU
		{367128AA-5B31-40E1-8D67-0DA4CFEEFED8}.Debug|Any CPU.ActiveCfg = Debug|Any CPU
		{367128AA-5B31-40E1-8D67-0DA4CFEEFED8}.Debug|Any CPU.Build.0 = Debug|Any CPU
		{367128AA-5B31-40E1-8D67-0DA4CFEEFED8}.Release|Any CPU.ActiveCfg = Release|Any CPU
		{367128AA-5B31-40E1-8D67-0DA4CFEEFED8}.Release|Any CPU.Build.0 = Release|Any CPU
		{67CF1710-C4D8-45CB-BE4C-936A24E53222}.Debug|Any CPU.ActiveCfg = Debug|Any CPU
		{67CF1710-C4D8-45CB-BE4C-936A24E53222}.Debug|Any CPU.Build.0 = Debug|Any CPU
		{67CF1710-C4D8-45CB-BE4C-936A24E53222}.Release|Any CPU.ActiveCfg = Release|Any CPU
		{67CF1710-C4D8-45CB-BE4C-936A24E53222}.Release|Any CPU.Build.0 = Release|Any CPU
		{C15BC66E-3A43-429E-9A81-F13EA80BFA57}.Debug|Any CPU.ActiveCfg = Debug|Any CPU
		{C15BC66E-3A43-429E-9A81-F13EA80BFA57}.Debug|Any CPU.Build.0 = Debug|Any CPU
		{C15BC66E-3A43-429E-9A81-F13EA80BFA57}.Release|Any CPU.ActiveCfg = Release|Any CPU
		{C15BC66E-3A43-429E-9A81-F13EA80BFA57}.Release|Any CPU.Build.0 = Release|Any CPU
	EndGlobalSection
	GlobalSection(NestedProjects) = preSolution
	EndGlobalSection
	GlobalSection(MonoDevelopProperties) = preSolution
		Policies = $0
		$0.StandardHeader = $1
		$1.Text = 
		$1.IncludeInNewFiles = True
		$0.NameConventionPolicy = $2
		$2.Rules = $3
		$3.NamingRule = $4
		$4.Name = Type Parameters
		$4.RequiredPrefixes = $5
		$5.String = T
		$4.RequiredSuffixes = $6
		$6.String = Exception
		$4.AffectedEntity = TypeParameter
		$4.VisibilityMask = VisibilityMask
		$4.NamingStyle = PascalCase
		$4.IncludeInstanceMembers = True
		$4.IncludeStaticEntities = True
		$0.VersionControlPolicy = $7
		$7.inheritsSet = Mono
		$0.TextStylePolicy = $8
		$8.inheritsSet = VisualStudio
		$8.inheritsScope = text/plain
		$8.scope = text/plain
		$8.FileWidth = 120
		$8.TabsToSpaces = False
		$0.CSharpFormattingPolicy = $9
		$9.IndentSwitchBody = True
		$9.AnonymousMethodBraceStyle = NextLine
		$9.PropertyBraceStyle = NextLine
		$9.PropertyGetBraceStyle = NextLine
		$9.PropertySetBraceStyle = NextLine
		$9.EventBraceStyle = NextLine
		$9.EventAddBraceStyle = NextLine
		$9.EventRemoveBraceStyle = NextLine
		$9.StatementBraceStyle = NextLine
		$9.ElseNewLinePlacement = NewLine
		$9.CatchNewLinePlacement = NewLine
		$9.FinallyNewLinePlacement = NewLine
		$9.WhileNewLinePlacement = NewLine
		$9.ArrayInitializerWrapping = DoNotWrap
		$9.BeforeMethodDeclarationParentheses = False
		$9.BeforeMethodCallParentheses = False
		$9.BeforeConstructorDeclarationParentheses = False
		$9.NewLineBeforeConstructorInitializerColon = SameLine
		$9.NewLineAfterConstructorInitializerColon = SameLine
		$9.BeforeIndexerDeclarationBracket = False
		$9.BeforeDelegateDeclarationParentheses = False
		$9.AfterDelegateDeclarationParameterComma = True
		$9.NewParentheses = False
		$9.IfParentheses = False
		$9.WhileParentheses = False
		$9.ForParentheses = False
		$9.ForeachParentheses = False
		$9.CatchParentheses = False
		$9.SwitchParentheses = False
		$9.LockParentheses = False
		$9.UsingParentheses = False
		$9.SpacesBeforeBrackets = False
		$9.MethodCallArgumentWrapping = DoNotWrap
		$9.AlignToFirstMethodCallArgument = True
		$9.MethodDeclarationParameterWrapping = DoNotWrap
		$9.IndexerDeclarationParameterWrapping = DoNotWrap
		$9.IndexerArgumentWrapping = DoNotWrap
		$9.inheritsSet = Mono
		$9.inheritsScope = text/x-csharp
		$9.scope = text/x-csharp
		$9.IndentSwitchSection = True
		$9.LabelPositioning = NoIndent
		$9.NewLinesForBracesInProperties = True
		$9.NewLinesForBracesInAccessors = True
		$9.NewLinesForBracesInAnonymousMethods = True
		$9.NewLinesForBracesInControlBlocks = True
		$9.NewLinesForBracesInAnonymousTypes = True
		$9.NewLinesForBracesInObjectCollectionArrayInitializers = True
		$9.NewLinesForBracesInLambdaExpressionBody = True
		$9.NewLineForElse = True
		$9.NewLineForCatch = True
		$9.NewLineForFinally = True
		$9.NewLineForMembersInObjectInit = True
		$9.NewLineForMembersInAnonymousTypes = True
		$9.NewLineForClausesInQuery = True
		$9.SpacingAfterMethodDeclarationName = False
		$9.SpaceAfterMethodCallName = False
		$9.SpaceAfterControlFlowStatementKeyword = False
		$9.SpaceBeforeOpenSquareBracket = False
		$0.XmlFormattingPolicy = $10
		$10.inheritsSet = Mono
		$10.inheritsScope = application/xml
		$10.scope = application/config+xml
	EndGlobalSection
EndGlobal
